{
  "requires": true,
  "lockfileVersion": 1,
  "dependencies": {
    "use-debounce": {
      "version": "6.0.1",
      "resolved": "https://registry.npmjs.org/use-debounce/-/use-debounce-6.0.1.tgz",
      "integrity": "sha512-kpvIxpa0vOLz/2I2sfNJ72mUeaT2CMNCu5BT1f2HkV9qZK27UVSOFf1sSSu+wjJE4TcR2VTXS2SM569+m3TN7Q=="
    }
  }
}
